
Microsoft Visual Studio Solution File, Format Version 12.00
# Visual Studio 15
VisualStudioVersion = 15.0.28010.2046
MinimumVisualStudioVersion = 10.0.40219.1
Project("{8BC9CEB8-8B4A-11D0-8D11-00A0C91BC942}") = "practice7.1.4", "practice7.1.4\practice7.1.4.vcxproj", "{CFF03A49-B9A1-47FC-AA47-ABD074AB7242}"
EndProject
Global
	GlobalSection(SolutionConfigurationPlatforms) = preSolution
		Debug|x64 = Debug|x64
		Debug|x86 = Debug|x86
		Release|x64 = Release|x64
		Release|x86 = Release|x86
	EndGlobalSection
	GlobalSection(ProjectConfigurationPlatforms) = postSolution
		{CFF03A49-B9A1-47FC-AA47-ABD074AB7242}.Debug|x64.ActiveCfg = Debug|x64
		{CFF03A49-B9A1-47FC-AA47-ABD074AB7242}.Debug|x64.Build.0 = Debug|x64
		{CFF03A49-B9A1-47FC-AA47-ABD074AB7242}.Debug|x86.ActiveCfg = Debug|Win32
		{CFF03A49-B9A1-47FC-AA47-ABD074AB7242}.Debug|x86.Build.0 = Debug|Win32
		{CFF03A49-B9A1-47FC-AA47-ABD074AB7242}.Release|x64.ActiveCfg = Release|x64
		{CFF03A49-B9A1-47FC-AA47-ABD074AB7242}.Release|x64.Build.0 = Release|x64
		{CFF03A49-B9A1-47FC-AA47-ABD074AB7242}.Release|x86.ActiveCfg = Release|Win32
		{CFF03A49-B9A1-47FC-AA47-ABD074AB7242}.Release|x86.Build.0 = Release|Win32
	EndGlobalSection
	GlobalSection(SolutionProperties) = preSolution
		HideSolutionNode = FALSE
	EndGlobalSection
	GlobalSection(ExtensibilityGlobals) = postSolution
		SolutionGuid = {981AEF27-9073-4A5A-A144-079CF84A9457}
	EndGlobalSection
EndGlobal
