
Microsoft Visual Studio Solution File, Format Version 12.00
# Visual Studio 15
VisualStudioVersion = 15.0.28010.2046
MinimumVisualStudioVersion = 10.0.40219.1
Project("{8BC9CEB8-8B4A-11D0-8D11-00A0C91BC942}") = "example7.4.1", "example7.4.1\example7.4.1.vcxproj", "{A3BD4CF0-3134-42AD-B8B4-06DD74754044}"
EndProject
Global
	GlobalSection(SolutionConfigurationPlatforms) = preSolution
		Debug|x64 = Debug|x64
		Debug|x86 = Debug|x86
		Release|x64 = Release|x64
		Release|x86 = Release|x86
	EndGlobalSection
	GlobalSection(ProjectConfigurationPlatforms) = postSolution
		{A3BD4CF0-3134-42AD-B8B4-06DD74754044}.Debug|x64.ActiveCfg = Debug|x64
		{A3BD4CF0-3134-42AD-B8B4-06DD74754044}.Debug|x64.Build.0 = Debug|x64
		{A3BD4CF0-3134-42AD-B8B4-06DD74754044}.Debug|x86.ActiveCfg = Debug|Win32
		{A3BD4CF0-3134-42AD-B8B4-06DD74754044}.Debug|x86.Build.0 = Debug|Win32
		{A3BD4CF0-3134-42AD-B8B4-06DD74754044}.Release|x64.ActiveCfg = Release|x64
		{A3BD4CF0-3134-42AD-B8B4-06DD74754044}.Release|x64.Build.0 = Release|x64
		{A3BD4CF0-3134-42AD-B8B4-06DD74754044}.Release|x86.ActiveCfg = Release|Win32
		{A3BD4CF0-3134-42AD-B8B4-06DD74754044}.Release|x86.Build.0 = Release|Win32
	EndGlobalSection
	GlobalSection(SolutionProperties) = preSolution
		HideSolutionNode = FALSE
	EndGlobalSection
	GlobalSection(ExtensibilityGlobals) = postSolution
		SolutionGuid = {A8BC9D91-CFAE-4854-8338-2B838F6B8D16}
	EndGlobalSection
EndGlobal
