
Microsoft Visual Studio Solution File, Format Version 12.00
# Visual Studio 15
VisualStudioVersion = 15.0.28010.2046
MinimumVisualStudioVersion = 10.0.40219.1
Project("{8BC9CEB8-8B4A-11D0-8D11-00A0C91BC942}") = "practice6.5.1", "practice6.5.1\practice6.5.1.vcxproj", "{5FA9A1EE-643B-494A-AE8D-5D8289D9CDFA}"
EndProject
Global
	GlobalSection(SolutionConfigurationPlatforms) = preSolution
		Debug|x64 = Debug|x64
		Debug|x86 = Debug|x86
		Release|x64 = Release|x64
		Release|x86 = Release|x86
	EndGlobalSection
	GlobalSection(ProjectConfigurationPlatforms) = postSolution
		{5FA9A1EE-643B-494A-AE8D-5D8289D9CDFA}.Debug|x64.ActiveCfg = Debug|x64
		{5FA9A1EE-643B-494A-AE8D-5D8289D9CDFA}.Debug|x64.Build.0 = Debug|x64
		{5FA9A1EE-643B-494A-AE8D-5D8289D9CDFA}.Debug|x86.ActiveCfg = Debug|Win32
		{5FA9A1EE-643B-494A-AE8D-5D8289D9CDFA}.Debug|x86.Build.0 = Debug|Win32
		{5FA9A1EE-643B-494A-AE8D-5D8289D9CDFA}.Release|x64.ActiveCfg = Release|x64
		{5FA9A1EE-643B-494A-AE8D-5D8289D9CDFA}.Release|x64.Build.0 = Release|x64
		{5FA9A1EE-643B-494A-AE8D-5D8289D9CDFA}.Release|x86.ActiveCfg = Release|Win32
		{5FA9A1EE-643B-494A-AE8D-5D8289D9CDFA}.Release|x86.Build.0 = Release|Win32
	EndGlobalSection
	GlobalSection(SolutionProperties) = preSolution
		HideSolutionNode = FALSE
	EndGlobalSection
	GlobalSection(ExtensibilityGlobals) = postSolution
		SolutionGuid = {17F8FB91-42D7-4CD4-82FB-8C077DDB1A83}
	EndGlobalSection
EndGlobal
