
Microsoft Visual Studio Solution File, Format Version 12.00
# Visual Studio 15
VisualStudioVersion = 15.0.28010.2046
MinimumVisualStudioVersion = 10.0.40219.1
Project("{8BC9CEB8-8B4A-11D0-8D11-00A0C91BC942}") = "example2.7.2", "example2.7.2\example2.7.2.vcxproj", "{C9DA5F46-605A-46E8-A99B-F06017FD6DBD}"
EndProject
Global
	GlobalSection(SolutionConfigurationPlatforms) = preSolution
		Debug|x64 = Debug|x64
		Debug|x86 = Debug|x86
		Release|x64 = Release|x64
		Release|x86 = Release|x86
	EndGlobalSection
	GlobalSection(ProjectConfigurationPlatforms) = postSolution
		{C9DA5F46-605A-46E8-A99B-F06017FD6DBD}.Debug|x64.ActiveCfg = Debug|x64
		{C9DA5F46-605A-46E8-A99B-F06017FD6DBD}.Debug|x64.Build.0 = Debug|x64
		{C9DA5F46-605A-46E8-A99B-F06017FD6DBD}.Debug|x86.ActiveCfg = Debug|Win32
		{C9DA5F46-605A-46E8-A99B-F06017FD6DBD}.Debug|x86.Build.0 = Debug|Win32
		{C9DA5F46-605A-46E8-A99B-F06017FD6DBD}.Release|x64.ActiveCfg = Release|x64
		{C9DA5F46-605A-46E8-A99B-F06017FD6DBD}.Release|x64.Build.0 = Release|x64
		{C9DA5F46-605A-46E8-A99B-F06017FD6DBD}.Release|x86.ActiveCfg = Release|Win32
		{C9DA5F46-605A-46E8-A99B-F06017FD6DBD}.Release|x86.Build.0 = Release|Win32
	EndGlobalSection
	GlobalSection(SolutionProperties) = preSolution
		HideSolutionNode = FALSE
	EndGlobalSection
	GlobalSection(ExtensibilityGlobals) = postSolution
		SolutionGuid = {7299A443-127D-48C4-9691-B14C3CD719E3}
	EndGlobalSection
EndGlobal
